{
  "nodes": {
    "flakeNimbleLib": {
      "inputs": {
        "nixpkgs": [
          "nixpkgs"
        ]
      },
      "locked": {
        "lastModified": 1662018438,
        "narHash": "sha256-QtNtU6+LX3Wokxf0zlFwKTFOcn6TeDjKQZ+DA9OYtvM=",
        "owner": "riinr",
        "repo": "nim-flakes-lib",
        "rev": "b1fe8340736e3a85d25c709ac3dfd82a55c03cbf",
        "type": "github"
      },
      "original": {
        "owner": "riinr",
        "ref": "master",
        "repo": "nim-flakes-lib",
        "type": "github"
      }
    },
    "mangle-master": {
      "inputs": {
        "flakeNimbleLib": [
          "flakeNimbleLib"
        ],
        "nixpkgs": [
          "nixpkgs"
        ],
        "src-mangle-master": "src-mangle-master"
      },
      "locked": {
        "dir": "master",
        "lastModified": 1667322420,
        "narHash": "sha256-fMScq+Wm4fndFJD4lIF+aAzFHzZEmt6zh6FHQ8JIpf8=",
        "owner": "nim-nix-pkgs",
        "repo": "mangle",
        "rev": "022b0e2e399ff4d537a658d59874f2be3f149f6b",
        "type": "github"
      },
      "original": {
        "dir": "master",
        "owner": "nim-nix-pkgs",
        "ref": "master",
        "repo": "mangle",
        "type": "github"
      }
    },
    "nixpkgs": {
      "locked": {
        "lastModified": 1667199707,
        "narHash": "sha256-I2Js3Y7gUyVSEXPULHlBoRek4Lh85vnevdS6mdvDNLI=",
        "owner": "NixOS",
        "repo": "nixpkgs",
        "rev": "ced197be72099edcfa68ebed8b87af7b04851f45",
        "type": "github"
      },
      "original": {
        "id": "nixpkgs",
        "type": "indirect"
      }
    },
    "root": {
      "inputs": {
        "flakeNimbleLib": "flakeNimbleLib",
        "mangle-master": "mangle-master",
        "nixpkgs": "nixpkgs"
      }
    },
    "src-mangle-master": {
      "flake": false,
      "locked": {
        "lastModified": 1456381248,
        "narHash": "sha256-HxyvKoAma+QbOSI9zJY1dUh3tRaN5DrzNw+2fRXC2f4=",
        "owner": "baabelfish",
        "repo": "mangle",
        "rev": "1a142db167c951e650c8b597f58ae38e3cdbc3a6",
        "type": "github"
      },
      "original": {
        "owner": "baabelfish",
        "ref": "refs/heads/master",
        "repo": "mangle",
        "type": "github"
      }
    }
  },
  "root": "root",
  "version": 7
}
