{
  "nodes": {
    "flakeNimbleLib": {
      "inputs": {
        "nixpkgs": [
          "nixpkgs"
        ]
      },
      "locked": {
        "lastModified": 1662018438,
        "narHash": "sha256-QtNtU6+LX3Wokxf0zlFwKTFOcn6TeDjKQZ+DA9OYtvM=",
        "owner": "riinr",
        "repo": "nim-flakes-lib",
        "rev": "b1fe8340736e3a85d25c709ac3dfd82a55c03cbf",
        "type": "github"
      },
      "original": {
        "owner": "riinr",
        "ref": "master",
        "repo": "nim-flakes-lib",
        "type": "github"
      }
    },
    "mangle-master": {
      "inputs": {
        "flakeNimbleLib": [
          "flakeNimbleLib"
        ],
        "nixpkgs": [
          "nixpkgs"
        ],
        "src-mangle-master": "src-mangle-master"
      },
      "locked": {
        "dir": "master",
        "lastModified": 1662254598,
        "narHash": "sha256-8eX57xvIQxXsCYV81UhT0SPMd63eku2VRfOexXuhAG4=",
        "owner": "nim-nix-pkgs",
        "repo": "mangle",
        "rev": "ae559ceb4a1949f0d1715a3eb6ba1250cb61490d",
        "type": "github"
      },
      "original": {
        "dir": "master",
        "owner": "nim-nix-pkgs",
        "ref": "master",
        "repo": "mangle",
        "type": "github"
      }
    },
    "nixpkgs": {
      "locked": {
        "lastModified": 1667110639,
        "narHash": "sha256-4FbPESZ5LbqQxkJJJBAfk/zKgF9h/4kyUwjjpJwYlbc=",
        "owner": "NixOS",
        "repo": "nixpkgs",
        "rev": "f38a1f04d1bec1feb61fd101a0539ae2002a7087",
        "type": "github"
      },
      "original": {
        "id": "nixpkgs",
        "type": "indirect"
      }
    },
    "root": {
      "inputs": {
        "flakeNimbleLib": "flakeNimbleLib",
        "mangle-master": "mangle-master",
        "nixpkgs": "nixpkgs"
      }
    },
    "src-mangle-master": {
      "flake": false,
      "locked": {
        "lastModified": 1456381248,
        "narHash": "sha256-HxyvKoAma+QbOSI9zJY1dUh3tRaN5DrzNw+2fRXC2f4=",
        "owner": "baabelfish",
        "repo": "mangle",
        "rev": "1a142db167c951e650c8b597f58ae38e3cdbc3a6",
        "type": "github"
      },
      "original": {
        "owner": "baabelfish",
        "ref": "refs/heads/master",
        "repo": "mangle",
        "type": "github"
      }
    }
  },
  "root": "root",
  "version": 7
}
